
Microsoft Visual Studio Solution File, Format Version 12.00
# Visual Studio 15
VisualStudioVersion = 15.0.33529.398
MinimumVisualStudioVersion = 10.0.40219.1
Project("{D954291E-2A0B-460D-934E-DC6B0785DB48}") = "ApiRef.Core", "ApiRef.Core\ApiRef.Core.shproj", "{7D785824-24BA-4162-8D6B-ED4C89F77686}"
EndProject
Project("{FAE04EC0-301F-11D3-BF4B-00C04F79EFBC}") = "ApiRef.Gui", "ApiRef.Gui\ApiRef.Gui.csproj", "{12174601-BF50-418E-9448-595FEF712263}"
EndProject
Global
	GlobalSection(SharedMSBuildProjectFiles) = preSolution
		ApiRef.Core\ApiRef.Core.projitems*{12174601-bf50-418e-9448-595fef712263}*SharedItemsImports = 4
		ApiRef.Core\ApiRef.Core.projitems*{7d785824-24ba-4162-8d6b-ed4c89f77686}*SharedItemsImports = 13
	EndGlobalSection
	GlobalSection(SolutionConfigurationPlatforms) = preSolution
		Debug|Any CPU = Debug|Any CPU
		Release|Any CPU = Release|Any CPU
	EndGlobalSection
	GlobalSection(ProjectConfigurationPlatforms) = postSolution
		{12174601-BF50-418E-9448-595FEF712263}.Debug|Any CPU.ActiveCfg = Debug|Any CPU
		{12174601-BF50-418E-9448-595FEF712263}.Debug|Any CPU.Build.0 = Debug|Any CPU
		{12174601-BF50-418E-9448-595FEF712263}.Release|Any CPU.ActiveCfg = Release|Any CPU
		{12174601-BF50-418E-9448-595FEF712263}.Release|Any CPU.Build.0 = Release|Any CPU
	EndGlobalSection
	GlobalSection(SolutionProperties) = preSolution
		HideSolutionNode = FALSE
	EndGlobalSection
	GlobalSection(ExtensibilityGlobals) = postSolution
		SolutionGuid = {575849E9-D006-46A0-8FEA-21039CF36E10}
	EndGlobalSection
EndGlobal
